
Microsoft Visual Studio Solution File, Format Version 12.00
# Visual Studio Version 17
VisualStudioVersion = 17.14.36705.20 d17.14
MinimumVisualStudioVersion = 10.0.40219.1
Project("{FAE04EC0-301F-11D3-BF4B-00C04F79EFBC}") = "Lab.GUI", "Lab.GUI\Lab.GUI.csproj", "{28A3E210-B104-451F-BEB0-2176926D5523}"
EndProject
Project("{FAE04EC0-301F-11D3-BF4B-00C04F79EFBC}") = "Lab.BUS", "Lab.BUS\Lab.BUS.csproj", "{49536CA1-000E-4F0B-82A5-19D874FB2738}"
EndProject
Project("{FAE04EC0-301F-11D3-BF4B-00C04F79EFBC}") = "Lab.DAL", "Lab.DAL\Lab.DAL.csproj", "{BADEDC4C-29DD-4D50-AD35-22BF5FBFB6A3}"
EndProject
Global
	GlobalSection(SolutionConfigurationPlatforms) = preSolution
		Debug|Any CPU = Debug|Any CPU
		Release|Any CPU = Release|Any CPU
	EndGlobalSection
	GlobalSection(ProjectConfigurationPlatforms) = postSolution
		{28A3E210-B104-451F-BEB0-2176926D5523}.Debug|Any CPU.ActiveCfg = Debug|Any CPU
		{28A3E210-B104-451F-BEB0-2176926D5523}.Debug|Any CPU.Build.0 = Debug|Any CPU
		{28A3E210-B104-451F-BEB0-2176926D5523}.Release|Any CPU.ActiveCfg = Release|Any CPU
		{28A3E210-B104-451F-BEB0-2176926D5523}.Release|Any CPU.Build.0 = Release|Any CPU
		{49536CA1-000E-4F0B-82A5-19D874FB2738}.Debug|Any CPU.ActiveCfg = Debug|Any CPU
		{49536CA1-000E-4F0B-82A5-19D874FB2738}.Debug|Any CPU.Build.0 = Debug|Any CPU
		{49536CA1-000E-4F0B-82A5-19D874FB2738}.Release|Any CPU.ActiveCfg = Release|Any CPU
		{49536CA1-000E-4F0B-82A5-19D874FB2738}.Release|Any CPU.Build.0 = Release|Any CPU
		{BADEDC4C-29DD-4D50-AD35-22BF5FBFB6A3}.Debug|Any CPU.ActiveCfg = Debug|Any CPU
		{BADEDC4C-29DD-4D50-AD35-22BF5FBFB6A3}.Debug|Any CPU.Build.0 = Debug|Any CPU
		{BADEDC4C-29DD-4D50-AD35-22BF5FBFB6A3}.Release|Any CPU.ActiveCfg = Release|Any CPU
		{BADEDC4C-29DD-4D50-AD35-22BF5FBFB6A3}.Release|Any CPU.Build.0 = Release|Any CPU
	EndGlobalSection
	GlobalSection(SolutionProperties) = preSolution
		HideSolutionNode = FALSE
	EndGlobalSection
	GlobalSection(ExtensibilityGlobals) = postSolution
		SolutionGuid = {3ECF71D4-9A00-483E-B03A-F7A09A60DCF0}
	EndGlobalSection
EndGlobal
